
Microsoft Visual Studio Solution File, Format Version 12.00
# Visual Studio Version 16
VisualStudioVersion = 16.0.31129.286
MinimumVisualStudioVersion = 10.0.40219.1
Project("{FAE04EC0-301F-11D3-BF4B-00C04F79EFBC}") = "StudentManagment", "StudentManagment\StudentManagment.csproj", "{6429CA5D-40A3-4128-ADBE-184DD66F78F5}"
EndProject
Global
	GlobalSection(SolutionConfigurationPlatforms) = preSolution
		Debug|Any CPU = Debug|Any CPU
		Release|Any CPU = Release|Any CPU
	EndGlobalSection
	GlobalSection(ProjectConfigurationPlatforms) = postSolution
		{6429CA5D-40A3-4128-ADBE-184DD66F78F5}.Debug|Any CPU.ActiveCfg = Debug|Any CPU
		{6429CA5D-40A3-4128-ADBE-184DD66F78F5}.Debug|Any CPU.Build.0 = Debug|Any CPU
		{6429CA5D-40A3-4128-ADBE-184DD66F78F5}.Release|Any CPU.ActiveCfg = Release|Any CPU
		{6429CA5D-40A3-4128-ADBE-184DD66F78F5}.Release|Any CPU.Build.0 = Release|Any CPU
	EndGlobalSection
	GlobalSection(SolutionProperties) = preSolution
		HideSolutionNode = FALSE
	EndGlobalSection
	GlobalSection(ExtensibilityGlobals) = postSolution
		SolutionGuid = {7A8844E2-A159-4446-A5A3-31319969094E}
	EndGlobalSection
EndGlobal
